# THIS IS AN AUTOGENERATED FILE. DO NOT EDIT THIS FILE DIRECTLY.
# yarn lockfile v1


crx-hotreload@^1.0.6:
  version "1.0.6"
  resolved "https://registry.yarnpkg.com/crx-hotreload/-/crx-hotreload-1.0.6.tgz#6caebf8307bc4efec0b661d7cf4f03a27fdfebc2"
  integrity sha512-W07F3gXyCTrHf4w1W2v6y3PHBYyYtJKCiBmgf0FkkteFh9GhqeV9HR7+UbKKfnrx39oC+PHycz9NmBMerIcbGA==
